<?xml version="1.0" encoding="utf-8"?>
<Project ToolsVersion="17.0" xmlns="http://schemas.microsoft.com/developer/msbuild/2003">
  <ItemGroup>
    <CustomBuild Include="F:\F\FreeCAD before build\FreeCAD\src\Mod\Material\StandardMaterial\None.FCMat">
      <Filter>MatLib</Filter>
    </CustomBuild>
    <CustomBuild Include="F:\F\FreeCAD before build\FreeCAD\src\Mod\Material\StandardMaterial\ABS-Generic.FCMat">
      <Filter>MatLib</Filter>
    </CustomBuild>
    <CustomBuild Include="F:\F\FreeCAD before build\FreeCAD\src\Mod\Material\StandardMaterial\Acrylic-Glass-Generic.FCMat">
      <Filter>MatLib</Filter>
    </CustomBuild>
    <CustomBuild Include="F:\F\FreeCAD before build\FreeCAD\src\Mod\Material\StandardMaterial\AlMg3F24.FCMat">
      <Filter>MatLib</Filter>
    </CustomBuild>
    <CustomBuild Include="F:\F\FreeCAD before build\FreeCAD\src\Mod\Material\StandardMaterial\AlMgSi1F31.FCMat">
      <Filter>MatLib</Filter>
    </CustomBuild>
    <CustomBuild Include="F:\F\FreeCAD before build\FreeCAD\src\Mod\Material\StandardMaterial\Aluminum-6061-T6.FCMat">
      <Filter>MatLib</Filter>
    </CustomBuild>
    <CustomBuild Include="F:\F\FreeCAD before build\FreeCAD\src\Mod\Material\StandardMaterial\Aluminum-Generic.FCMat">
      <Filter>MatLib</Filter>
    </CustomBuild>
    <CustomBuild Include="F:\F\FreeCAD before build\FreeCAD\src\Mod\Material\StandardMaterial\AlZn4-5Mg1F35.FCMat">
      <Filter>MatLib</Filter>
    </CustomBuild>
    <CustomBuild Include="F:\F\FreeCAD before build\FreeCAD\src\Mod\Material\StandardMaterial\CalculiX-Steel.FCMat">
      <Filter>MatLib</Filter>
    </CustomBuild>
    <CustomBuild Include="F:\F\FreeCAD before build\FreeCAD\src\Mod\Material\StandardMaterial\Concrete-Generic.FCMat">
      <Filter>MatLib</Filter>
    </CustomBuild>
    <CustomBuild Include="F:\F\FreeCAD before build\FreeCAD\src\Mod\Material\StandardMaterial\Copper-Generic.FCMat">
      <Filter>MatLib</Filter>
    </CustomBuild>
    <CustomBuild Include="F:\F\FreeCAD before build\FreeCAD\src\Mod\Material\StandardMaterial\Glass-E-GlassFibre.FCMat">
      <Filter>MatLib</Filter>
    </CustomBuild>
    <CustomBuild Include="F:\F\FreeCAD before build\FreeCAD\src\Mod\Material\StandardMaterial\Glass-Generic.FCMat">
      <Filter>MatLib</Filter>
    </CustomBuild>
    <CustomBuild Include="F:\F\FreeCAD before build\FreeCAD\src\Mod\Material\StandardMaterial\Glass-S2-GlassFibre.FCMat">
      <Filter>MatLib</Filter>
    </CustomBuild>
    <CustomBuild Include="F:\F\FreeCAD before build\FreeCAD\src\Mod\Material\StandardMaterial\Graphite.FCMat">
      <Filter>MatLib</Filter>
    </CustomBuild>
    <CustomBuild Include="F:\F\FreeCAD before build\FreeCAD\src\Mod\Material\StandardMaterial\Iron-Generic.FCMat">
      <Filter>MatLib</Filter>
    </CustomBuild>
    <CustomBuild Include="F:\F\FreeCAD before build\FreeCAD\src\Mod\Material\StandardMaterial\Invar-Generic.FCMat">
      <Filter>MatLib</Filter>
    </CustomBuild>
    <CustomBuild Include="F:\F\FreeCAD before build\FreeCAD\src\Mod\Material\StandardMaterial\PA6-Generic.FCMat">
      <Filter>MatLib</Filter>
    </CustomBuild>
    <CustomBuild Include="F:\F\FreeCAD before build\FreeCAD\src\Mod\Material\StandardMaterial\PET-Generic.FCMat">
      <Filter>MatLib</Filter>
    </CustomBuild>
    <CustomBuild Include="F:\F\FreeCAD before build\FreeCAD\src\Mod\Material\StandardMaterial\PLA-Generic.FCMat">
      <Filter>MatLib</Filter>
    </CustomBuild>
    <CustomBuild Include="F:\F\FreeCAD before build\FreeCAD\src\Mod\Material\StandardMaterial\PP-Generic.FCMat">
      <Filter>MatLib</Filter>
    </CustomBuild>
    <CustomBuild Include="F:\F\FreeCAD before build\FreeCAD\src\Mod\Material\StandardMaterial\PTFE-Generic.FCMat">
      <Filter>MatLib</Filter>
    </CustomBuild>
    <CustomBuild Include="F:\F\FreeCAD before build\FreeCAD\src\Mod\Material\StandardMaterial\PVC-Generic.FCMat">
      <Filter>MatLib</Filter>
    </CustomBuild>
    <CustomBuild Include="F:\F\FreeCAD before build\FreeCAD\src\Mod\Material\StandardMaterial\Reinforcement-FIB-B500.FCMat">
      <Filter>MatLib</Filter>
    </CustomBuild>
    <CustomBuild Include="F:\F\FreeCAD before build\FreeCAD\src\Mod\Material\StandardMaterial\Steel-15CrNi6.FCMat">
      <Filter>MatLib</Filter>
    </CustomBuild>
    <CustomBuild Include="F:\F\FreeCAD before build\FreeCAD\src\Mod\Material\StandardMaterial\Steel-17CrNiMo6.FCMat">
      <Filter>MatLib</Filter>
    </CustomBuild>
    <CustomBuild Include="F:\F\FreeCAD before build\FreeCAD\src\Mod\Material\StandardMaterial\Steel-1C22.FCMat">
      <Filter>MatLib</Filter>
    </CustomBuild>
    <CustomBuild Include="F:\F\FreeCAD before build\FreeCAD\src\Mod\Material\StandardMaterial\Steel-1C35.FCMat">
      <Filter>MatLib</Filter>
    </CustomBuild>
    <CustomBuild Include="F:\F\FreeCAD before build\FreeCAD\src\Mod\Material\StandardMaterial\Steel-1C45.FCMat">
      <Filter>MatLib</Filter>
    </CustomBuild>
    <CustomBuild Include="F:\F\FreeCAD before build\FreeCAD\src\Mod\Material\StandardMaterial\Steel-1C60.FCMat">
      <Filter>MatLib</Filter>
    </CustomBuild>
    <CustomBuild Include="F:\F\FreeCAD before build\FreeCAD\src\Mod\Material\StandardMaterial\Steel-20NiCrMo2.FCMat">
      <Filter>MatLib</Filter>
    </CustomBuild>
    <CustomBuild Include="F:\F\FreeCAD before build\FreeCAD\src\Mod\Material\StandardMaterial\Steel-28Mn6.FCMat">
      <Filter>MatLib</Filter>
    </CustomBuild>
    <CustomBuild Include="F:\F\FreeCAD before build\FreeCAD\src\Mod\Material\StandardMaterial\Steel-2C10.FCMat">
      <Filter>MatLib</Filter>
    </CustomBuild>
    <CustomBuild Include="F:\F\FreeCAD before build\FreeCAD\src\Mod\Material\StandardMaterial\Steel-30CrNiMo8.FCMat">
      <Filter>MatLib</Filter>
    </CustomBuild>
    <CustomBuild Include="F:\F\FreeCAD before build\FreeCAD\src\Mod\Material\StandardMaterial\Steel-34CrNiMo6.FCMat">
      <Filter>MatLib</Filter>
    </CustomBuild>
    <CustomBuild Include="F:\F\FreeCAD before build\FreeCAD\src\Mod\Material\StandardMaterial\Steel-36CrNiMo4.FCMat">
      <Filter>MatLib</Filter>
    </CustomBuild>
    <CustomBuild Include="F:\F\FreeCAD before build\FreeCAD\src\Mod\Material\StandardMaterial\Steel-36NiCrMo16.FCMat">
      <Filter>MatLib</Filter>
    </CustomBuild>
    <CustomBuild Include="F:\F\FreeCAD before build\FreeCAD\src\Mod\Material\StandardMaterial\Steel-3C15.FCMat">
      <Filter>MatLib</Filter>
    </CustomBuild>
    <CustomBuild Include="F:\F\FreeCAD before build\FreeCAD\src\Mod\Material\StandardMaterial\Steel-3C22.FCMat">
      <Filter>MatLib</Filter>
    </CustomBuild>
    <CustomBuild Include="F:\F\FreeCAD before build\FreeCAD\src\Mod\Material\StandardMaterial\Steel-3C35.FCMat">
      <Filter>MatLib</Filter>
    </CustomBuild>
    <CustomBuild Include="F:\F\FreeCAD before build\FreeCAD\src\Mod\Material\StandardMaterial\Steel-3V45.FCMat">
      <Filter>MatLib</Filter>
    </CustomBuild>
    <CustomBuild Include="F:\F\FreeCAD before build\FreeCAD\src\Mod\Material\StandardMaterial\Steel-C10.FCMat">
      <Filter>MatLib</Filter>
    </CustomBuild>
    <CustomBuild Include="F:\F\FreeCAD before build\FreeCAD\src\Mod\Material\StandardMaterial\Steel-C15.FCMat">
      <Filter>MatLib</Filter>
    </CustomBuild>
    <CustomBuild Include="F:\F\FreeCAD before build\FreeCAD\src\Mod\Material\StandardMaterial\Steel-C22E.FCMat">
      <Filter>MatLib</Filter>
    </CustomBuild>
    <CustomBuild Include="F:\F\FreeCAD before build\FreeCAD\src\Mod\Material\StandardMaterial\Steel-C25E.FCMat">
      <Filter>MatLib</Filter>
    </CustomBuild>
    <CustomBuild Include="F:\F\FreeCAD before build\FreeCAD\src\Mod\Material\StandardMaterial\Steel-C30E.FCMat">
      <Filter>MatLib</Filter>
    </CustomBuild>
    <CustomBuild Include="F:\F\FreeCAD before build\FreeCAD\src\Mod\Material\StandardMaterial\Steel-C40E.FCMat">
      <Filter>MatLib</Filter>
    </CustomBuild>
    <CustomBuild Include="F:\F\FreeCAD before build\FreeCAD\src\Mod\Material\StandardMaterial\Steel-C50E.FCMat">
      <Filter>MatLib</Filter>
    </CustomBuild>
    <CustomBuild Include="F:\F\FreeCAD before build\FreeCAD\src\Mod\Material\StandardMaterial\Steel-C55E.FCMat">
      <Filter>MatLib</Filter>
    </CustomBuild>
    <CustomBuild Include="F:\F\FreeCAD before build\FreeCAD\src\Mod\Material\StandardMaterial\Steel-C60E.FCMat">
      <Filter>MatLib</Filter>
    </CustomBuild>
    <CustomBuild Include="F:\F\FreeCAD before build\FreeCAD\src\Mod\Material\StandardMaterial\Steel-E295-GC.FCMat">
      <Filter>MatLib</Filter>
    </CustomBuild>
    <CustomBuild Include="F:\F\FreeCAD before build\FreeCAD\src\Mod\Material\StandardMaterial\Steel-E295.FCMat">
      <Filter>MatLib</Filter>
    </CustomBuild>
    <CustomBuild Include="F:\F\FreeCAD before build\FreeCAD\src\Mod\Material\StandardMaterial\Steel-E335-GC.FCMat">
      <Filter>MatLib</Filter>
    </CustomBuild>
    <CustomBuild Include="F:\F\FreeCAD before build\FreeCAD\src\Mod\Material\StandardMaterial\Steel-E335.FCMat">
      <Filter>MatLib</Filter>
    </CustomBuild>
    <CustomBuild Include="F:\F\FreeCAD before build\FreeCAD\src\Mod\Material\StandardMaterial\Steel-E360-GC.FCMat">
      <Filter>MatLib</Filter>
    </CustomBuild>
    <CustomBuild Include="F:\F\FreeCAD before build\FreeCAD\src\Mod\Material\StandardMaterial\Steel-E360.FCMat">
      <Filter>MatLib</Filter>
    </CustomBuild>
    <CustomBuild Include="F:\F\FreeCAD before build\FreeCAD\src\Mod\Material\StandardMaterial\Steel-EN-GJL-100.FCMat">
      <Filter>MatLib</Filter>
    </CustomBuild>
    <CustomBuild Include="F:\F\FreeCAD before build\FreeCAD\src\Mod\Material\StandardMaterial\Steel-EN-GJL-150.FCMat">
      <Filter>MatLib</Filter>
    </CustomBuild>
    <CustomBuild Include="F:\F\FreeCAD before build\FreeCAD\src\Mod\Material\StandardMaterial\Steel-EN-GJL-200.FCMat">
      <Filter>MatLib</Filter>
    </CustomBuild>
    <CustomBuild Include="F:\F\FreeCAD before build\FreeCAD\src\Mod\Material\StandardMaterial\Steel-EN-GJL-250.FCMat">
      <Filter>MatLib</Filter>
    </CustomBuild>
    <CustomBuild Include="F:\F\FreeCAD before build\FreeCAD\src\Mod\Material\StandardMaterial\Steel-EN-GJL-300.FCMat">
      <Filter>MatLib</Filter>
    </CustomBuild>
    <CustomBuild Include="F:\F\FreeCAD before build\FreeCAD\src\Mod\Material\StandardMaterial\Steel-EN-GJL-350.FCMat">
      <Filter>MatLib</Filter>
    </CustomBuild>
    <CustomBuild Include="F:\F\FreeCAD before build\FreeCAD\src\Mod\Material\StandardMaterial\Steel-EN-GJMB-350-10.FCMat">
      <Filter>MatLib</Filter>
    </CustomBuild>
    <CustomBuild Include="F:\F\FreeCAD before build\FreeCAD\src\Mod\Material\StandardMaterial\Steel-EN-GJMB-550-4.FCMat">
      <Filter>MatLib</Filter>
    </CustomBuild>
    <CustomBuild Include="F:\F\FreeCAD before build\FreeCAD\src\Mod\Material\StandardMaterial\Steel-EN-GJMB-650-2.FCMat">
      <Filter>MatLib</Filter>
    </CustomBuild>
    <CustomBuild Include="F:\F\FreeCAD before build\FreeCAD\src\Mod\Material\StandardMaterial\Steel-EN-GJMW-350-4.FCMat">
      <Filter>MatLib</Filter>
    </CustomBuild>
    <CustomBuild Include="F:\F\FreeCAD before build\FreeCAD\src\Mod\Material\StandardMaterial\Steel-EN-GJMW-360-12.FCMat">
      <Filter>MatLib</Filter>
    </CustomBuild>
    <CustomBuild Include="F:\F\FreeCAD before build\FreeCAD\src\Mod\Material\StandardMaterial\Steel-EN-GJMW-400-5.FCMat">
      <Filter>MatLib</Filter>
    </CustomBuild>
    <CustomBuild Include="F:\F\FreeCAD before build\FreeCAD\src\Mod\Material\StandardMaterial\Steel-EN-GJMW-450-7.FCMat">
      <Filter>MatLib</Filter>
    </CustomBuild>
    <CustomBuild Include="F:\F\FreeCAD before build\FreeCAD\src\Mod\Material\StandardMaterial\Steel-EN-GJS-400-15.FCMat">
      <Filter>MatLib</Filter>
    </CustomBuild>
    <CustomBuild Include="F:\F\FreeCAD before build\FreeCAD\src\Mod\Material\StandardMaterial\Steel-EN-GJS-500-7.FCMat">
      <Filter>MatLib</Filter>
    </CustomBuild>
    <CustomBuild Include="F:\F\FreeCAD before build\FreeCAD\src\Mod\Material\StandardMaterial\Steel-EN-GJS-600-3.FCMat">
      <Filter>MatLib</Filter>
    </CustomBuild>
    <CustomBuild Include="F:\F\FreeCAD before build\FreeCAD\src\Mod\Material\StandardMaterial\Steel-EN-GJS-700-2.FCMat">
      <Filter>MatLib</Filter>
    </CustomBuild>
    <CustomBuild Include="F:\F\FreeCAD before build\FreeCAD\src\Mod\Material\StandardMaterial\Steel-EN-GJS-800-1.FCMat">
      <Filter>MatLib</Filter>
    </CustomBuild>
    <CustomBuild Include="F:\F\FreeCAD before build\FreeCAD\src\Mod\Material\StandardMaterial\Steel-G16Mn5.FCMat">
      <Filter>MatLib</Filter>
    </CustomBuild>
    <CustomBuild Include="F:\F\FreeCAD before build\FreeCAD\src\Mod\Material\StandardMaterial\Steel-G200.FCMat">
      <Filter>MatLib</Filter>
    </CustomBuild>
    <CustomBuild Include="F:\F\FreeCAD before build\FreeCAD\src\Mod\Material\StandardMaterial\Steel-G20Mn5.FCMat">
      <Filter>MatLib</Filter>
    </CustomBuild>
    <CustomBuild Include="F:\F\FreeCAD before build\FreeCAD\src\Mod\Material\StandardMaterial\Steel-G230.FCMat">
      <Filter>MatLib</Filter>
    </CustomBuild>
    <CustomBuild Include="F:\F\FreeCAD before build\FreeCAD\src\Mod\Material\StandardMaterial\Steel-G260.FCMat">
      <Filter>MatLib</Filter>
    </CustomBuild>
    <CustomBuild Include="F:\F\FreeCAD before build\FreeCAD\src\Mod\Material\StandardMaterial\Steel-G300.FCMat">
      <Filter>MatLib</Filter>
    </CustomBuild>
    <CustomBuild Include="F:\F\FreeCAD before build\FreeCAD\src\Mod\Material\StandardMaterial\Steel-G30Mn5.FCMat">
      <Filter>MatLib</Filter>
    </CustomBuild>
    <CustomBuild Include="F:\F\FreeCAD before build\FreeCAD\src\Mod\Material\StandardMaterial\Steel-Generic.FCMat">
      <Filter>MatLib</Filter>
    </CustomBuild>
    <CustomBuild Include="F:\F\FreeCAD before build\FreeCAD\src\Mod\Material\StandardMaterial\Steel-S185.FCMat">
      <Filter>MatLib</Filter>
    </CustomBuild>
    <CustomBuild Include="F:\F\FreeCAD before build\FreeCAD\src\Mod\Material\StandardMaterial\Steel-S235JO.FCMat">
      <Filter>MatLib</Filter>
    </CustomBuild>
    <CustomBuild Include="F:\F\FreeCAD before build\FreeCAD\src\Mod\Material\StandardMaterial\Steel-S235JR.FCMat">
      <Filter>MatLib</Filter>
    </CustomBuild>
    <CustomBuild Include="F:\F\FreeCAD before build\FreeCAD\src\Mod\Material\StandardMaterial\Steel-S235JRG1.FCMat">
      <Filter>MatLib</Filter>
    </CustomBuild>
    <CustomBuild Include="F:\F\FreeCAD before build\FreeCAD\src\Mod\Material\StandardMaterial\Steel-S260NC.FCMat">
      <Filter>MatLib</Filter>
    </CustomBuild>
    <CustomBuild Include="F:\F\FreeCAD before build\FreeCAD\src\Mod\Material\StandardMaterial\Steel-S275JO.FCMat">
      <Filter>MatLib</Filter>
    </CustomBuild>
    <CustomBuild Include="F:\F\FreeCAD before build\FreeCAD\src\Mod\Material\StandardMaterial\Steel-S275JR.FCMat">
      <Filter>MatLib</Filter>
    </CustomBuild>
    <CustomBuild Include="F:\F\FreeCAD before build\FreeCAD\src\Mod\Material\StandardMaterial\Steel-S275N.FCMat">
      <Filter>MatLib</Filter>
    </CustomBuild>
    <CustomBuild Include="F:\F\FreeCAD before build\FreeCAD\src\Mod\Material\StandardMaterial\Steel-S335JO.FCMat">
      <Filter>MatLib</Filter>
    </CustomBuild>
    <CustomBuild Include="F:\F\FreeCAD before build\FreeCAD\src\Mod\Material\StandardMaterial\Steel-S335JR.FCMat">
      <Filter>MatLib</Filter>
    </CustomBuild>
    <CustomBuild Include="F:\F\FreeCAD before build\FreeCAD\src\Mod\Material\StandardMaterial\Steel-S335N.FCMat">
      <Filter>MatLib</Filter>
    </CustomBuild>
    <CustomBuild Include="F:\F\FreeCAD before build\FreeCAD\src\Mod\Material\StandardMaterial\Steel-S340MC.FCMat">
      <Filter>MatLib</Filter>
    </CustomBuild>
    <CustomBuild Include="F:\F\FreeCAD before build\FreeCAD\src\Mod\Material\StandardMaterial\Steel-S355J2G3.FCMat">
      <Filter>MatLib</Filter>
    </CustomBuild>
    <CustomBuild Include="F:\F\FreeCAD before build\FreeCAD\src\Mod\Material\StandardMaterial\Steel-S380MC.FCMat">
      <Filter>MatLib</Filter>
    </CustomBuild>
    <CustomBuild Include="F:\F\FreeCAD before build\FreeCAD\src\Mod\Material\StandardMaterial\Steel-S420MC.FCMat">
      <Filter>MatLib</Filter>
    </CustomBuild>
    <CustomBuild Include="F:\F\FreeCAD before build\FreeCAD\src\Mod\Material\StandardMaterial\Steel-S420N.FCMat">
      <Filter>MatLib</Filter>
    </CustomBuild>
    <CustomBuild Include="F:\F\FreeCAD before build\FreeCAD\src\Mod\Material\StandardMaterial\Steel-S460MC.FCMat">
      <Filter>MatLib</Filter>
    </CustomBuild>
    <CustomBuild Include="F:\F\FreeCAD before build\FreeCAD\src\Mod\Material\StandardMaterial\Steel-S460N.FCMat">
      <Filter>MatLib</Filter>
    </CustomBuild>
    <CustomBuild Include="F:\F\FreeCAD before build\FreeCAD\src\Mod\Material\StandardMaterial\Steel-S500MC.FCMat">
      <Filter>MatLib</Filter>
    </CustomBuild>
    <CustomBuild Include="F:\F\FreeCAD before build\FreeCAD\src\Mod\Material\StandardMaterial\Steel-S550MC.FCMat">
      <Filter>MatLib</Filter>
    </CustomBuild>
    <CustomBuild Include="F:\F\FreeCAD before build\FreeCAD\src\Mod\Material\StandardMaterial\Steel-S690MC.FCMat">
      <Filter>MatLib</Filter>
    </CustomBuild>
    <CustomBuild Include="F:\F\FreeCAD before build\FreeCAD\src\Mod\Material\StandardMaterial\Steel-St-37-2K.FCMat">
      <Filter>MatLib</Filter>
    </CustomBuild>
    <CustomBuild Include="F:\F\FreeCAD before build\FreeCAD\src\Mod\Material\StandardMaterial\Steel-St-E-255.FCMat">
      <Filter>MatLib</Filter>
    </CustomBuild>
    <CustomBuild Include="F:\F\FreeCAD before build\FreeCAD\src\Mod\Material\StandardMaterial\Steel-St-E-315.FCMat">
      <Filter>MatLib</Filter>
    </CustomBuild>
    <CustomBuild Include="F:\F\FreeCAD before build\FreeCAD\src\Mod\Material\StandardMaterial\Steel-St-E-380.FCMat">
      <Filter>MatLib</Filter>
    </CustomBuild>
    <CustomBuild Include="F:\F\FreeCAD before build\FreeCAD\src\Mod\Material\StandardMaterial\Steel-St-E-460.FCMat">
      <Filter>MatLib</Filter>
    </CustomBuild>
    <CustomBuild Include="F:\F\FreeCAD before build\FreeCAD\src\Mod\Material\StandardMaterial\Steel-St-E-500.FCMat">
      <Filter>MatLib</Filter>
    </CustomBuild>
    <CustomBuild Include="F:\F\FreeCAD before build\FreeCAD\src\Mod\Material\StandardMaterial\Steel-X2CrNiMoN17-13-3.FCMat">
      <Filter>MatLib</Filter>
    </CustomBuild>
    <CustomBuild Include="F:\F\FreeCAD before build\FreeCAD\src\Mod\Material\StandardMaterial\Steel-X2CrNiN24-4.FCMat">
      <Filter>MatLib</Filter>
    </CustomBuild>
    <CustomBuild Include="F:\F\FreeCAD before build\FreeCAD\src\Mod\Material\StandardMaterial\Steel-X39CrMo17-1.FCMat">
      <Filter>MatLib</Filter>
    </CustomBuild>
    <CustomBuild Include="F:\F\FreeCAD before build\FreeCAD\src\Mod\Material\StandardMaterial\Steel-X3CrNiMo13-14.FCMat">
      <Filter>MatLib</Filter>
    </CustomBuild>
    <CustomBuild Include="F:\F\FreeCAD before build\FreeCAD\src\Mod\Material\StandardMaterial\Steel-X5CrNi18-10.FCMat">
      <Filter>MatLib</Filter>
    </CustomBuild>
    <CustomBuild Include="F:\F\FreeCAD before build\FreeCAD\src\Mod\Material\StandardMaterial\Steel-X5CrNiMo17-12-2.FCMat">
      <Filter>MatLib</Filter>
    </CustomBuild>
    <CustomBuild Include="F:\F\FreeCAD before build\FreeCAD\src\Mod\Material\StandardMaterial\Steel-X6CrNiTi18-10.FCMat">
      <Filter>MatLib</Filter>
    </CustomBuild>
    <CustomBuild Include="F:\F\FreeCAD before build\FreeCAD\src\Mod\Material\StandardMaterial\TEMPLATE.FCMat">
      <Filter>MatLib</Filter>
    </CustomBuild>
    <CustomBuild Include="F:\F\FreeCAD before build\FreeCAD\src\Mod\Material\StandardMaterial\Ti-6Al-4V.FCMat">
      <Filter>MatLib</Filter>
    </CustomBuild>
    <CustomBuild Include="F:\F\FreeCAD before build\FreeCAD\src\Mod\Material\StandardMaterial\Wood-Generic.FCMat">
      <Filter>MatLib</Filter>
    </CustomBuild>
    <CustomBuild Include="F:\F\FreeCAD before build\FreeCAD\src\Mod\Material\StandardMaterial\Readme.txt">
      <Filter>MatLib</Filter>
    </CustomBuild>
    <CustomBuild Include="F:\F\FreeCAD before build\FreeCAD\src\Mod\Material\CMakeLists.txt" />
  </ItemGroup>
  <ItemGroup>
    <Filter Include="MatLib">
      <UniqueIdentifier>{898DDA0E-3671-37AC-9F15-D6CABCDDDC06}</UniqueIdentifier>
    </Filter>
  </ItemGroup>
</Project>
