<?xml version="1.0" encoding="utf-8"?>
<Project ToolsVersion="17.0" xmlns="http://schemas.microsoft.com/developer/msbuild/2003">
  <ItemGroup>
    <CustomBuild Include="F:\F\FreeCAD before build\FreeCAD\src\Mod\Mesh\Init.py" />
    <CustomBuild Include="F:\F\FreeCAD before build\FreeCAD\src\Mod\Mesh\BuildRegularGeoms.py" />
    <CustomBuild Include="F:\F\FreeCAD before build\FreeCAD\src\Mod\Mesh\MeshEnums.py" />
    <CustomBuild Include="F:\F\FreeCAD before build\FreeCAD\src\Mod\Mesh\App\MeshTestsApp.py" />
    <CustomBuild Include="F:\F\FreeCAD before build\FreeCAD\src\Mod\Mesh\InitGui.py" />
    <CustomBuild Include="F:\F\FreeCAD before build\FreeCAD\src\Mod\Mesh\CMakeLists.txt" />
  </ItemGroup>
  <ItemGroup>
  </ItemGroup>
</Project>
