<?xml version="1.0" encoding="utf-8"?>
<Project ToolsVersion="17.0" xmlns="http://schemas.microsoft.com/developer/msbuild/2003">
  <ItemGroup>
    <ClCompile Include="F:\F\FreeCAD before build\3DK-FreeCAD-1.0\CmakeBuild\src\Mod\Raytracing\Gui\RaytracingGui_autogen\mocs_compilation_Debug.cpp">
      <Filter>Source Files</Filter>
    </ClCompile>
    <ClCompile Include="F:\F\FreeCAD before build\3DK-FreeCAD-1.0\CmakeBuild\src\Mod\Raytracing\Gui\qrc_Raytracing.cpp">
      <Filter>Source Files</Filter>
    </ClCompile>
    <ClCompile Include="F:\F\FreeCAD before build\FreeCAD\src\Mod\Raytracing\Gui\AppRaytracingGui.cpp">
      <Filter>Source Files</Filter>
    </ClCompile>
    <ClCompile Include="F:\F\FreeCAD before build\FreeCAD\src\Mod\Raytracing\Gui\AppRaytracingGuiPy.cpp">
      <Filter>Source Files</Filter>
    </ClCompile>
    <ClCompile Include="F:\F\FreeCAD before build\FreeCAD\src\Mod\Raytracing\Gui\Command.cpp">
      <Filter>Source Files</Filter>
    </ClCompile>
    <ClCompile Include="F:\F\FreeCAD before build\FreeCAD\src\Mod\Raytracing\Gui\DlgSettingsRayImp.cpp">
      <Filter>Source Files</Filter>
    </ClCompile>
    <ClCompile Include="F:\F\FreeCAD before build\FreeCAD\src\Mod\Raytracing\Gui\PovrayHighlighter.cpp">
      <Filter>Source Files</Filter>
    </ClCompile>
    <ClCompile Include="F:\F\FreeCAD before build\FreeCAD\src\Mod\Raytracing\Gui\PreCompiled.cpp">
      <Filter>Source Files</Filter>
    </ClCompile>
    <ClCompile Include="F:\F\FreeCAD before build\FreeCAD\src\Mod\Raytracing\Gui\ViewProvider.cpp">
      <Filter>Source Files</Filter>
    </ClCompile>
    <ClCompile Include="F:\F\FreeCAD before build\FreeCAD\src\Mod\Raytracing\Gui\Workbench.cpp">
      <Filter>Source Files</Filter>
    </ClCompile>
    <ClCompile Include="F:\F\FreeCAD before build\3DK-FreeCAD-1.0\CmakeBuild\src\Mod\Raytracing\Gui\RaytracingGui_autogen\mocs_compilation_Release.cpp">
      <Filter>Source Files</Filter>
    </ClCompile>
    <ClCompile Include="F:\F\FreeCAD before build\3DK-FreeCAD-1.0\CmakeBuild\src\Mod\Raytracing\Gui\RaytracingGui_autogen\mocs_compilation_MinSizeRel.cpp">
      <Filter>Source Files</Filter>
    </ClCompile>
    <ClCompile Include="F:\F\FreeCAD before build\3DK-FreeCAD-1.0\CmakeBuild\src\Mod\Raytracing\Gui\RaytracingGui_autogen\mocs_compilation_RelWithDebInfo.cpp">
      <Filter>Source Files</Filter>
    </ClCompile>
  </ItemGroup>
  <ItemGroup>
    <ClInclude Include="F:\F\FreeCAD before build\FreeCAD\src\Mod\Raytracing\Gui\DlgSettingsRayImp.h">
      <Filter>Header Files</Filter>
    </ClInclude>
    <ClInclude Include="F:\F\FreeCAD before build\FreeCAD\src\Mod\Raytracing\Gui\PovrayHighlighter.h">
      <Filter>Header Files</Filter>
    </ClInclude>
    <ClInclude Include="F:\F\FreeCAD before build\FreeCAD\src\Mod\Raytracing\Gui\PreCompiled.h">
      <Filter>Header Files</Filter>
    </ClInclude>
    <ClInclude Include="F:\F\FreeCAD before build\FreeCAD\src\Mod\Raytracing\Gui\ViewProvider.h">
      <Filter>Header Files</Filter>
    </ClInclude>
    <ClInclude Include="F:\F\FreeCAD before build\FreeCAD\src\Mod\Raytracing\Gui\Workbench.h">
      <Filter>Header Files</Filter>
    </ClInclude>
    <ClInclude Include="F:\F\FreeCAD before build\3DK-FreeCAD-1.0\CmakeBuild\src\Mod\Raytracing\Gui\RaytracingGui_autogen\include_Debug\ui_DlgSettingsRay.h">
      <Filter>Header Files</Filter>
    </ClInclude>
    <ClInclude Include="F:\F\FreeCAD before build\3DK-FreeCAD-1.0\CmakeBuild\src\Mod\Raytracing\Gui\RaytracingGui_autogen\include_Release\ui_DlgSettingsRay.h">
      <Filter>Header Files</Filter>
    </ClInclude>
    <ClInclude Include="F:\F\FreeCAD before build\3DK-FreeCAD-1.0\CmakeBuild\src\Mod\Raytracing\Gui\RaytracingGui_autogen\include_MinSizeRel\ui_DlgSettingsRay.h">
      <Filter>Header Files</Filter>
    </ClInclude>
    <ClInclude Include="F:\F\FreeCAD before build\3DK-FreeCAD-1.0\CmakeBuild\src\Mod\Raytracing\Gui\RaytracingGui_autogen\include_RelWithDebInfo\ui_DlgSettingsRay.h">
      <Filter>Header Files</Filter>
    </ClInclude>
  </ItemGroup>
  <ItemGroup>
    <CustomBuild Include="F:\F\FreeCAD before build\FreeCAD\src\Mod\Raytracing\Gui\Resources\Raytracing.qrc">
      <Filter>Resource</Filter>
    </CustomBuild>
    <CustomBuild Include="F:\F\FreeCAD before build\FreeCAD\src\Mod\Raytracing\Gui\FreeCADpov" />
    <CustomBuild Include="F:\F\FreeCAD before build\FreeCAD\src\Mod\Raytracing\Gui\Resources\icons\RaytracingWorkbench.svg" />
    <CustomBuild Include="F:\F\FreeCAD before build\3DK-FreeCAD-1.0\CmakeBuild\CMakeFiles\54e78d41e7f8d0704e3d38b78aaa0f91\autouic_(CONFIG).stamp.rule">
      <Filter>CMake Rules</Filter>
    </CustomBuild>
    <CustomBuild Include="F:\F\FreeCAD before build\FreeCAD\src\Mod\Raytracing\Gui\CMakeLists.txt" />
  </ItemGroup>
  <ItemGroup>
    <None Include="F:\F\FreeCAD before build\FreeCAD\src\Mod\Raytracing\Gui\DlgSettingsRay.ui" />
    <None Include="F:\F\FreeCAD before build\3DK-FreeCAD-1.0\CmakeBuild\src\Mod\Raytracing\Gui\RaytracingGui_autogen\autouic_Debug.stamp" />
    <None Include="F:\F\FreeCAD before build\3DK-FreeCAD-1.0\CmakeBuild\src\Mod\Raytracing\Gui\RaytracingGui_autogen\autouic_Release.stamp" />
    <None Include="F:\F\FreeCAD before build\3DK-FreeCAD-1.0\CmakeBuild\src\Mod\Raytracing\Gui\RaytracingGui_autogen\autouic_MinSizeRel.stamp" />
    <None Include="F:\F\FreeCAD before build\3DK-FreeCAD-1.0\CmakeBuild\src\Mod\Raytracing\Gui\RaytracingGui_autogen\autouic_RelWithDebInfo.stamp" />
  </ItemGroup>
  <ItemGroup>
    <Filter Include="CMake Rules">
      <UniqueIdentifier>{67952501-129B-38B9-B8A2-AFC31960E5FB}</UniqueIdentifier>
    </Filter>
    <Filter Include="Header Files">
      <UniqueIdentifier>{97A4190E-D9AE-30BF-9F4B-811E3F267D26}</UniqueIdentifier>
    </Filter>
    <Filter Include="Resource">
      <UniqueIdentifier>{37DD4A6D-9B20-3620-B265-50768E2A53AD}</UniqueIdentifier>
    </Filter>
    <Filter Include="Source Files">
      <UniqueIdentifier>{4A8D6A3B-149E-38E3-9093-51752D7AB560}</UniqueIdentifier>
    </Filter>
  </ItemGroup>
</Project>
