<?xml version="1.0" encoding="utf-8"?>
<Project ToolsVersion="17.0" xmlns="http://schemas.microsoft.com/developer/msbuild/2003">
  <ItemGroup>
    <ClCompile Include="F:\F\FreeCAD before build\3DK-FreeCAD-1.0\CmakeBuild\src\Mod\Points\Gui\PointsGui_autogen\mocs_compilation_Debug.cpp">
      <Filter>Source Files</Filter>
    </ClCompile>
    <ClCompile Include="F:\F\FreeCAD before build\FreeCAD\src\Mod\Points\Gui\DlgPointsReadImp.cpp">
      <Filter>Dialogs</Filter>
    </ClCompile>
    <ClCompile Include="F:\F\FreeCAD before build\3DK-FreeCAD-1.0\CmakeBuild\src\Mod\Points\Gui\qrc_Points.cpp">
      <Filter>Resource</Filter>
    </ClCompile>
    <ClCompile Include="F:\F\FreeCAD before build\FreeCAD\src\Mod\Points\Gui\AppPointsGui.cpp">
      <Filter>Source Files</Filter>
    </ClCompile>
    <ClCompile Include="F:\F\FreeCAD before build\FreeCAD\src\Mod\Points\Gui\Command.cpp">
      <Filter>Source Files</Filter>
    </ClCompile>
    <ClCompile Include="F:\F\FreeCAD before build\FreeCAD\src\Mod\Points\Gui\PreCompiled.cpp">
      <Filter>Source Files</Filter>
    </ClCompile>
    <ClCompile Include="F:\F\FreeCAD before build\FreeCAD\src\Mod\Points\Gui\ViewProvider.cpp">
      <Filter>Source Files</Filter>
    </ClCompile>
    <ClCompile Include="F:\F\FreeCAD before build\FreeCAD\src\Mod\Points\Gui\Workbench.cpp">
      <Filter>Source Files</Filter>
    </ClCompile>
    <ClCompile Include="F:\F\FreeCAD before build\3DK-FreeCAD-1.0\CmakeBuild\src\Mod\Points\Gui\PointsGui_autogen\mocs_compilation_Release.cpp">
      <Filter>Source Files</Filter>
    </ClCompile>
    <ClCompile Include="F:\F\FreeCAD before build\3DK-FreeCAD-1.0\CmakeBuild\src\Mod\Points\Gui\PointsGui_autogen\mocs_compilation_MinSizeRel.cpp">
      <Filter>Source Files</Filter>
    </ClCompile>
    <ClCompile Include="F:\F\FreeCAD before build\3DK-FreeCAD-1.0\CmakeBuild\src\Mod\Points\Gui\PointsGui_autogen\mocs_compilation_RelWithDebInfo.cpp">
      <Filter>Source Files</Filter>
    </ClCompile>
  </ItemGroup>
  <ItemGroup>
    <ClInclude Include="F:\F\FreeCAD before build\FreeCAD\src\Mod\Points\Gui\DlgPointsReadImp.h">
      <Filter>Dialogs</Filter>
    </ClInclude>
    <ClInclude Include="F:\F\FreeCAD before build\FreeCAD\src\Mod\Points\Gui\PreCompiled.h">
      <Filter>Header Files</Filter>
    </ClInclude>
    <ClInclude Include="F:\F\FreeCAD before build\FreeCAD\src\Mod\Points\Gui\ViewProvider.h">
      <Filter>Header Files</Filter>
    </ClInclude>
    <ClInclude Include="F:\F\FreeCAD before build\FreeCAD\src\Mod\Points\Gui\Workbench.h">
      <Filter>Header Files</Filter>
    </ClInclude>
    <ClInclude Include="F:\F\FreeCAD before build\3DK-FreeCAD-1.0\CmakeBuild\src\Mod\Points\Gui\PointsGui_autogen\include_Debug\ui_DlgPointsRead.h">
      <Filter>Header Files</Filter>
    </ClInclude>
    <ClInclude Include="F:\F\FreeCAD before build\3DK-FreeCAD-1.0\CmakeBuild\src\Mod\Points\Gui\PointsGui_autogen\include_Release\ui_DlgPointsRead.h">
      <Filter>Header Files</Filter>
    </ClInclude>
    <ClInclude Include="F:\F\FreeCAD before build\3DK-FreeCAD-1.0\CmakeBuild\src\Mod\Points\Gui\PointsGui_autogen\include_MinSizeRel\ui_DlgPointsRead.h">
      <Filter>Header Files</Filter>
    </ClInclude>
    <ClInclude Include="F:\F\FreeCAD before build\3DK-FreeCAD-1.0\CmakeBuild\src\Mod\Points\Gui\PointsGui_autogen\include_RelWithDebInfo\ui_DlgPointsRead.h">
      <Filter>Header Files</Filter>
    </ClInclude>
  </ItemGroup>
  <ItemGroup>
    <CustomBuild Include="F:\F\FreeCAD before build\FreeCAD\src\Mod\Points\Gui\Resources\Points.qrc">
      <Filter>Resource</Filter>
    </CustomBuild>
    <CustomBuild Include="F:\F\FreeCAD before build\FreeCAD\src\Mod\Points\InitGui.py" />
    <CustomBuild Include="F:\F\FreeCAD before build\FreeCAD\src\Mod\Points\Gui\Resources\icons\PointsWorkbench.svg" />
    <CustomBuild Include="F:\F\FreeCAD before build\3DK-FreeCAD-1.0\CmakeBuild\CMakeFiles\43fca04ccb2f2982171fab10eb077e0c\autouic_(CONFIG).stamp.rule">
      <Filter>CMake Rules</Filter>
    </CustomBuild>
    <CustomBuild Include="F:\F\FreeCAD before build\FreeCAD\src\Mod\Points\Gui\CMakeLists.txt" />
  </ItemGroup>
  <ItemGroup>
    <None Include="F:\F\FreeCAD before build\FreeCAD\src\Mod\Points\Gui\DlgPointsRead.ui">
      <Filter>Dialogs</Filter>
    </None>
    <None Include="F:\F\FreeCAD before build\3DK-FreeCAD-1.0\CmakeBuild\src\Mod\Points\Gui\PointsGui_autogen\autouic_Debug.stamp" />
    <None Include="F:\F\FreeCAD before build\3DK-FreeCAD-1.0\CmakeBuild\src\Mod\Points\Gui\PointsGui_autogen\autouic_Release.stamp" />
    <None Include="F:\F\FreeCAD before build\3DK-FreeCAD-1.0\CmakeBuild\src\Mod\Points\Gui\PointsGui_autogen\autouic_MinSizeRel.stamp" />
    <None Include="F:\F\FreeCAD before build\3DK-FreeCAD-1.0\CmakeBuild\src\Mod\Points\Gui\PointsGui_autogen\autouic_RelWithDebInfo.stamp" />
  </ItemGroup>
  <ItemGroup>
    <Filter Include="CMake Rules">
      <UniqueIdentifier>{67952501-129B-38B9-B8A2-AFC31960E5FB}</UniqueIdentifier>
    </Filter>
    <Filter Include="Dialogs">
      <UniqueIdentifier>{0A9D0B3A-85BD-3EAE-B27B-62D325C2DDC8}</UniqueIdentifier>
    </Filter>
    <Filter Include="Header Files">
      <UniqueIdentifier>{97A4190E-D9AE-30BF-9F4B-811E3F267D26}</UniqueIdentifier>
    </Filter>
    <Filter Include="Resource">
      <UniqueIdentifier>{37DD4A6D-9B20-3620-B265-50768E2A53AD}</UniqueIdentifier>
    </Filter>
    <Filter Include="Source Files">
      <UniqueIdentifier>{4A8D6A3B-149E-38E3-9093-51752D7AB560}</UniqueIdentifier>
    </Filter>
  </ItemGroup>
</Project>
