<?xml version="1.0" encoding="utf-8"?>
<Project ToolsVersion="17.0" xmlns="http://schemas.microsoft.com/developer/msbuild/2003">
  <ItemGroup>
    <CustomBuild Include="F:\F\FreeCAD before build\FreeCAD\src\Mod\PartDesign\Resources\Hole\din7984.json" />
    <CustomBuild Include="F:\F\FreeCAD before build\FreeCAD\src\Mod\PartDesign\Resources\Hole\iso10642.json" />
    <CustomBuild Include="F:\F\FreeCAD before build\FreeCAD\src\Mod\PartDesign\Resources\Hole\iso10642-fine.json" />
    <CustomBuild Include="F:\F\FreeCAD before build\FreeCAD\src\Mod\PartDesign\Resources\Hole\iso12474-fine.json" />
    <CustomBuild Include="F:\F\FreeCAD before build\FreeCAD\src\Mod\PartDesign\Resources\Hole\iso14583.json" />
    <CustomBuild Include="F:\F\FreeCAD before build\FreeCAD\src\Mod\PartDesign\Resources\Hole\iso14583part.json" />
    <CustomBuild Include="F:\F\FreeCAD before build\FreeCAD\src\Mod\PartDesign\Resources\Hole\iso2009.json" />
    <CustomBuild Include="F:\F\FreeCAD before build\FreeCAD\src\Mod\PartDesign\Resources\Hole\iso4762_7089.json" />
    <CustomBuild Include="F:\F\FreeCAD before build\FreeCAD\src\Mod\PartDesign\Resources\Hole\iso4762.json" />
    <CustomBuild Include="F:\F\FreeCAD before build\FreeCAD\src\Mod\PartDesign\Resources\Hole\iso4762-fine.json" />
    <CustomBuild Include="F:\F\FreeCAD before build\FreeCAD\src\Mod\PartDesign\Resources\Hole\iso7046.json" />
    <CustomBuild Include="F:\F\FreeCAD before build\FreeCAD\src\Mod\PartDesign\CMakeLists.txt" />
  </ItemGroup>
  <ItemGroup>
  </ItemGroup>
</Project>
