<?xml version="1.0" encoding="utf-8"?>
<Project ToolsVersion="17.0" xmlns="http://schemas.microsoft.com/developer/msbuild/2003">
  <ItemGroup>
    <CustomBuild Include="F:\F\FreeCAD before build\FreeCAD\src\Mod\Path\PathScripts\PathUtils.py" />
    <CustomBuild Include="F:\F\FreeCAD before build\FreeCAD\src\Mod\Path\PathScripts\PathUtilsGui.py" />
    <CustomBuild Include="F:\F\FreeCAD before build\FreeCAD\src\Mod\Path\PathScripts\PathPropertyBag.py" />
    <CustomBuild Include="F:\F\FreeCAD before build\FreeCAD\src\Mod\Path\PathScripts\PathPropertyBagGui.py" />
    <CustomBuild Include="F:\F\FreeCAD before build\FreeCAD\src\Mod\Path\PathScripts\__init__.py" />
    <CustomBuild Include="F:\F\FreeCAD before build\FreeCAD\src\Mod\Path\Path\__init__.py" />
    <CustomBuild Include="F:\F\FreeCAD before build\FreeCAD\src\Mod\Path\Path\Log.py" />
    <CustomBuild Include="F:\F\FreeCAD before build\FreeCAD\src\Mod\Path\Path\Geom.py" />
    <CustomBuild Include="F:\F\FreeCAD before build\FreeCAD\src\Mod\Path\Path\GuiInit.py" />
    <CustomBuild Include="F:\F\FreeCAD before build\FreeCAD\src\Mod\Path\Path\Preferences.py" />
    <CustomBuild Include="F:\F\FreeCAD before build\FreeCAD\src\Mod\Path\Path\Base\__init__.py" />
    <CustomBuild Include="F:\F\FreeCAD before build\FreeCAD\src\Mod\Path\Path\Base\Drillable.py" />
    <CustomBuild Include="F:\F\FreeCAD before build\FreeCAD\src\Mod\Path\Path\Base\FeedRate.py" />
    <CustomBuild Include="F:\F\FreeCAD before build\FreeCAD\src\Mod\Path\Path\Base\Language.py" />
    <CustomBuild Include="F:\F\FreeCAD before build\FreeCAD\src\Mod\Path\Path\Base\MachineState.py" />
    <CustomBuild Include="F:\F\FreeCAD before build\FreeCAD\src\Mod\Path\Path\Base\Property.py" />
    <CustomBuild Include="F:\F\FreeCAD before build\FreeCAD\src\Mod\Path\Path\Base\PropertyBag.py" />
    <CustomBuild Include="F:\F\FreeCAD before build\FreeCAD\src\Mod\Path\Path\Base\SetupSheet.py" />
    <CustomBuild Include="F:\F\FreeCAD before build\FreeCAD\src\Mod\Path\Path\Base\SetupSheetOpPrototype.py" />
    <CustomBuild Include="F:\F\FreeCAD before build\FreeCAD\src\Mod\Path\Path\Base\Util.py" />
    <CustomBuild Include="F:\F\FreeCAD before build\FreeCAD\src\Mod\Path\Path\Base\Gui\__init__.py" />
    <CustomBuild Include="F:\F\FreeCAD before build\FreeCAD\src\Mod\Path\Path\Base\Gui\GetPoint.py" />
    <CustomBuild Include="F:\F\FreeCAD before build\FreeCAD\src\Mod\Path\Path\Base\Gui\IconViewProvider.py" />
    <CustomBuild Include="F:\F\FreeCAD before build\FreeCAD\src\Mod\Path\Path\Base\Gui\PreferencesAdvanced.py" />
    <CustomBuild Include="F:\F\FreeCAD before build\FreeCAD\src\Mod\Path\Path\Base\Gui\PropertyBag.py" />
    <CustomBuild Include="F:\F\FreeCAD before build\FreeCAD\src\Mod\Path\Path\Base\Gui\PropertyEditor.py" />
    <CustomBuild Include="F:\F\FreeCAD before build\FreeCAD\src\Mod\Path\Path\Base\Gui\SetupSheet.py" />
    <CustomBuild Include="F:\F\FreeCAD before build\FreeCAD\src\Mod\Path\Path\Base\Gui\SetupSheetOpPrototype.py" />
    <CustomBuild Include="F:\F\FreeCAD before build\FreeCAD\src\Mod\Path\Path\Base\Gui\Util.py" />
    <CustomBuild Include="F:\F\FreeCAD before build\FreeCAD\src\Mod\Path\Path\Base\Generator\dogboneII.py" />
    <CustomBuild Include="F:\F\FreeCAD before build\FreeCAD\src\Mod\Path\Path\Base\Generator\drill.py" />
    <CustomBuild Include="F:\F\FreeCAD before build\FreeCAD\src\Mod\Path\Path\Base\Generator\helix.py" />
    <CustomBuild Include="F:\F\FreeCAD before build\FreeCAD\src\Mod\Path\Path\Base\Generator\rotation.py" />
    <CustomBuild Include="F:\F\FreeCAD before build\FreeCAD\src\Mod\Path\Path\Base\Generator\threadmilling.py" />
    <CustomBuild Include="F:\F\FreeCAD before build\FreeCAD\src\Mod\Path\Path\Base\Generator\toolchange.py" />
    <CustomBuild Include="F:\F\FreeCAD before build\FreeCAD\src\Mod\Path\Path\Dressup\__init__.py" />
    <CustomBuild Include="F:\F\FreeCAD before build\FreeCAD\src\Mod\Path\Path\Dressup\Utils.py" />
    <CustomBuild Include="F:\F\FreeCAD before build\FreeCAD\src\Mod\Path\Path\Dressup\Boundary.py" />
    <CustomBuild Include="F:\F\FreeCAD before build\FreeCAD\src\Mod\Path\Path\Dressup\DogboneII.py" />
    <CustomBuild Include="F:\F\FreeCAD before build\FreeCAD\src\Mod\Path\Path\Dressup\Tags.py" />
    <CustomBuild Include="F:\F\FreeCAD before build\FreeCAD\src\Mod\Path\Path\Dressup\Gui\__init__.py" />
    <CustomBuild Include="F:\F\FreeCAD before build\FreeCAD\src\Mod\Path\Path\Dressup\Gui\AxisMap.py" />
    <CustomBuild Include="F:\F\FreeCAD before build\FreeCAD\src\Mod\Path\Path\Dressup\Gui\Dogbone.py" />
    <CustomBuild Include="F:\F\FreeCAD before build\FreeCAD\src\Mod\Path\Path\Dressup\Gui\DogboneII.py" />
    <CustomBuild Include="F:\F\FreeCAD before build\FreeCAD\src\Mod\Path\Path\Dressup\Gui\Dragknife.py" />
    <CustomBuild Include="F:\F\FreeCAD before build\FreeCAD\src\Mod\Path\Path\Dressup\Gui\LeadInOut.py" />
    <CustomBuild Include="F:\F\FreeCAD before build\FreeCAD\src\Mod\Path\Path\Dressup\Gui\Boundary.py" />
    <CustomBuild Include="F:\F\FreeCAD before build\FreeCAD\src\Mod\Path\Path\Dressup\Gui\Preferences.py" />
    <CustomBuild Include="F:\F\FreeCAD before build\FreeCAD\src\Mod\Path\Path\Dressup\Gui\RampEntry.py" />
    <CustomBuild Include="F:\F\FreeCAD before build\FreeCAD\src\Mod\Path\Path\Dressup\Gui\Tags.py" />
    <CustomBuild Include="F:\F\FreeCAD before build\FreeCAD\src\Mod\Path\Path\Dressup\Gui\TagPreferences.py" />
    <CustomBuild Include="F:\F\FreeCAD before build\FreeCAD\src\Mod\Path\Path\Dressup\Gui\ZCorrect.py" />
    <CustomBuild Include="F:\F\FreeCAD before build\FreeCAD\src\Mod\Path\Path\Main\__init__.py" />
    <CustomBuild Include="F:\F\FreeCAD before build\FreeCAD\src\Mod\Path\Path\Main\Job.py" />
    <CustomBuild Include="F:\F\FreeCAD before build\FreeCAD\src\Mod\Path\Path\Main\Stock.py" />
    <CustomBuild Include="F:\F\FreeCAD before build\FreeCAD\src\Mod\Path\Path\Main\Gui\__init__.py" />
    <CustomBuild Include="F:\F\FreeCAD before build\FreeCAD\src\Mod\Path\Path\Main\Gui\Camotics.py" />
    <CustomBuild Include="F:\F\FreeCAD before build\FreeCAD\src\Mod\Path\Path\Main\Gui\Fixture.py" />
    <CustomBuild Include="F:\F\FreeCAD before build\FreeCAD\src\Mod\Path\Path\Main\Gui\Inspect.py" />
    <CustomBuild Include="F:\F\FreeCAD before build\FreeCAD\src\Mod\Path\Path\Main\Gui\Job.py" />
    <CustomBuild Include="F:\F\FreeCAD before build\FreeCAD\src\Mod\Path\Path\Main\Gui\JobCmd.py" />
    <CustomBuild Include="F:\F\FreeCAD before build\FreeCAD\src\Mod\Path\Path\Main\Gui\JobDlg.py" />
    <CustomBuild Include="F:\F\FreeCAD before build\FreeCAD\src\Mod\Path\Path\Main\Gui\PreferencesJob.py" />
    <CustomBuild Include="F:\F\FreeCAD before build\FreeCAD\src\Mod\Path\Path\Main\Gui\Sanity.py" />
    <CustomBuild Include="F:\F\FreeCAD before build\FreeCAD\src\Mod\Path\Path\Main\Gui\Simulator.py" />
    <CustomBuild Include="F:\F\FreeCAD before build\FreeCAD\src\Mod\Path\Path\Op\__init__.py" />
    <CustomBuild Include="F:\F\FreeCAD before build\FreeCAD\src\Mod\Path\Path\Op\Adaptive.py" />
    <CustomBuild Include="F:\F\FreeCAD before build\FreeCAD\src\Mod\Path\Path\Op\Area.py" />
    <CustomBuild Include="F:\F\FreeCAD before build\FreeCAD\src\Mod\Path\Path\Op\Base.py" />
    <CustomBuild Include="F:\F\FreeCAD before build\FreeCAD\src\Mod\Path\Path\Op\CircularHoleBase.py" />
    <CustomBuild Include="F:\F\FreeCAD before build\FreeCAD\src\Mod\Path\Path\Op\Custom.py" />
    <CustomBuild Include="F:\F\FreeCAD before build\FreeCAD\src\Mod\Path\Path\Op\Deburr.py" />
    <CustomBuild Include="F:\F\FreeCAD before build\FreeCAD\src\Mod\Path\Path\Op\Engrave.py" />
    <CustomBuild Include="F:\F\FreeCAD before build\FreeCAD\src\Mod\Path\Path\Op\EngraveBase.py" />
    <CustomBuild Include="F:\F\FreeCAD before build\FreeCAD\src\Mod\Path\Path\Op\FeatureExtension.py" />
    <CustomBuild Include="F:\F\FreeCAD before build\FreeCAD\src\Mod\Path\Path\Op\Drilling.py" />
    <CustomBuild Include="F:\F\FreeCAD before build\FreeCAD\src\Mod\Path\Path\Op\Helix.py" />
    <CustomBuild Include="F:\F\FreeCAD before build\FreeCAD\src\Mod\Path\Path\Op\MillFace.py" />
    <CustomBuild Include="F:\F\FreeCAD before build\FreeCAD\src\Mod\Path\Path\Op\Pocket.py" />
    <CustomBuild Include="F:\F\FreeCAD before build\FreeCAD\src\Mod\Path\Path\Op\PocketBase.py" />
    <CustomBuild Include="F:\F\FreeCAD before build\FreeCAD\src\Mod\Path\Path\Op\PocketShape.py" />
    <CustomBuild Include="F:\F\FreeCAD before build\FreeCAD\src\Mod\Path\Path\Op\Probe.py" />
    <CustomBuild Include="F:\F\FreeCAD before build\FreeCAD\src\Mod\Path\Path\Op\Profile.py" />
    <CustomBuild Include="F:\F\FreeCAD before build\FreeCAD\src\Mod\Path\Path\Op\Slot.py" />
    <CustomBuild Include="F:\F\FreeCAD before build\FreeCAD\src\Mod\Path\Path\Op\Surface.py" />
    <CustomBuild Include="F:\F\FreeCAD before build\FreeCAD\src\Mod\Path\Path\Op\SurfaceSupport.py" />
    <CustomBuild Include="F:\F\FreeCAD before build\FreeCAD\src\Mod\Path\Path\Op\ThreadMilling.py" />
    <CustomBuild Include="F:\F\FreeCAD before build\FreeCAD\src\Mod\Path\Path\Op\Util.py" />
    <CustomBuild Include="F:\F\FreeCAD before build\FreeCAD\src\Mod\Path\Path\Op\Vcarve.py" />
    <CustomBuild Include="F:\F\FreeCAD before build\FreeCAD\src\Mod\Path\Path\Op\Waterline.py" />
    <CustomBuild Include="F:\F\FreeCAD before build\FreeCAD\src\Mod\Path\Path\Op\Gui\__init__.py" />
    <CustomBuild Include="F:\F\FreeCAD before build\FreeCAD\src\Mod\Path\Path\Op\Gui\Adaptive.py" />
    <CustomBuild Include="F:\F\FreeCAD before build\FreeCAD\src\Mod\Path\Path\Op\Gui\Array.py" />
    <CustomBuild Include="F:\F\FreeCAD before build\FreeCAD\src\Mod\Path\Path\Op\Gui\Base.py" />
    <CustomBuild Include="F:\F\FreeCAD before build\FreeCAD\src\Mod\Path\Path\Op\Gui\CircularHoleBase.py" />
    <CustomBuild Include="F:\F\FreeCAD before build\FreeCAD\src\Mod\Path\Path\Op\Gui\Comment.py" />
    <CustomBuild Include="F:\F\FreeCAD before build\FreeCAD\src\Mod\Path\Path\Op\Gui\Copy.py" />
    <CustomBuild Include="F:\F\FreeCAD before build\FreeCAD\src\Mod\Path\Path\Op\Gui\Custom.py" />
    <CustomBuild Include="F:\F\FreeCAD before build\FreeCAD\src\Mod\Path\Path\Op\Gui\Deburr.py" />
    <CustomBuild Include="F:\F\FreeCAD before build\FreeCAD\src\Mod\Path\Path\Op\Gui\Drilling.py" />
    <CustomBuild Include="F:\F\FreeCAD before build\FreeCAD\src\Mod\Path\Path\Op\Gui\Engrave.py" />
    <CustomBuild Include="F:\F\FreeCAD before build\FreeCAD\src\Mod\Path\Path\Op\Gui\FeatureExtension.py" />
    <CustomBuild Include="F:\F\FreeCAD before build\FreeCAD\src\Mod\Path\Path\Op\Gui\Helix.py" />
    <CustomBuild Include="F:\F\FreeCAD before build\FreeCAD\src\Mod\Path\Path\Op\Gui\Hop.py" />
    <CustomBuild Include="F:\F\FreeCAD before build\FreeCAD\src\Mod\Path\Path\Op\Gui\MillFace.py" />
    <CustomBuild Include="F:\F\FreeCAD before build\FreeCAD\src\Mod\Path\Path\Op\Gui\Pocket.py" />
    <CustomBuild Include="F:\F\FreeCAD before build\FreeCAD\src\Mod\Path\Path\Op\Gui\PocketBase.py" />
    <CustomBuild Include="F:\F\FreeCAD before build\FreeCAD\src\Mod\Path\Path\Op\Gui\PocketShape.py" />
    <CustomBuild Include="F:\F\FreeCAD before build\FreeCAD\src\Mod\Path\Path\Op\Gui\Probe.py" />
    <CustomBuild Include="F:\F\FreeCAD before build\FreeCAD\src\Mod\Path\Path\Op\Gui\Profile.py" />
    <CustomBuild Include="F:\F\FreeCAD before build\FreeCAD\src\Mod\Path\Path\Op\Gui\Selection.py" />
    <CustomBuild Include="F:\F\FreeCAD before build\FreeCAD\src\Mod\Path\Path\Op\Gui\SimpleCopy.py" />
    <CustomBuild Include="F:\F\FreeCAD before build\FreeCAD\src\Mod\Path\Path\Op\Gui\Slot.py" />
    <CustomBuild Include="F:\F\FreeCAD before build\FreeCAD\src\Mod\Path\Path\Op\Gui\Stop.py" />
    <CustomBuild Include="F:\F\FreeCAD before build\FreeCAD\src\Mod\Path\Path\Op\Gui\Surface.py" />
    <CustomBuild Include="F:\F\FreeCAD before build\FreeCAD\src\Mod\Path\Path\Op\Gui\ThreadMilling.py" />
    <CustomBuild Include="F:\F\FreeCAD before build\FreeCAD\src\Mod\Path\Path\Op\Gui\Vcarve.py" />
    <CustomBuild Include="F:\F\FreeCAD before build\FreeCAD\src\Mod\Path\Path\Op\Gui\Waterline.py" />
    <CustomBuild Include="F:\F\FreeCAD before build\FreeCAD\src\Mod\Path\Path\Post\__init__.py" />
    <CustomBuild Include="F:\F\FreeCAD before build\FreeCAD\src\Mod\Path\Path\Post\Command.py" />
    <CustomBuild Include="F:\F\FreeCAD before build\FreeCAD\src\Mod\Path\Path\Post\Processor.py" />
    <CustomBuild Include="F:\F\FreeCAD before build\FreeCAD\src\Mod\Path\Path\Post\Utils.py" />
    <CustomBuild Include="F:\F\FreeCAD before build\FreeCAD\src\Mod\Path\Path\Post\UtilsArguments.py" />
    <CustomBuild Include="F:\F\FreeCAD before build\FreeCAD\src\Mod\Path\Path\Post\UtilsExport.py" />
    <CustomBuild Include="F:\F\FreeCAD before build\FreeCAD\src\Mod\Path\Path\Post\UtilsParse.py" />
    <CustomBuild Include="F:\F\FreeCAD before build\FreeCAD\src\Mod\Path\Path\Post\scripts\__init__.py" />
    <CustomBuild Include="F:\F\FreeCAD before build\FreeCAD\src\Mod\Path\Path\Post\scripts\centroid_post.py" />
    <CustomBuild Include="F:\F\FreeCAD before build\FreeCAD\src\Mod\Path\Path\Post\scripts\comparams_post.py" />
    <CustomBuild Include="F:\F\FreeCAD before build\FreeCAD\src\Mod\Path\Path\Post\scripts\dxf_post.py" />
    <CustomBuild Include="F:\F\FreeCAD before build\FreeCAD\src\Mod\Path\Path\Post\scripts\dynapath_post.py" />
    <CustomBuild Include="F:\F\FreeCAD before build\FreeCAD\src\Mod\Path\Path\Post\scripts\example_pre.py" />
    <CustomBuild Include="F:\F\FreeCAD before build\FreeCAD\src\Mod\Path\Path\Post\scripts\fablin_post.py" />
    <CustomBuild Include="F:\F\FreeCAD before build\FreeCAD\src\Mod\Path\Path\Post\scripts\fanuc_post.py" />
    <CustomBuild Include="F:\F\FreeCAD before build\FreeCAD\src\Mod\Path\Path\Post\scripts\fangling_post.py" />
    <CustomBuild Include="F:\F\FreeCAD before build\FreeCAD\src\Mod\Path\Path\Post\scripts\gcode_pre.py" />
    <CustomBuild Include="F:\F\FreeCAD before build\FreeCAD\src\Mod\Path\Path\Post\scripts\grbl_post.py" />
    <CustomBuild Include="F:\F\FreeCAD before build\FreeCAD\src\Mod\Path\Path\Post\scripts\heidenhain_post.py" />
    <CustomBuild Include="F:\F\FreeCAD before build\FreeCAD\src\Mod\Path\Path\Post\scripts\jtech_post.py" />
    <CustomBuild Include="F:\F\FreeCAD before build\FreeCAD\src\Mod\Path\Path\Post\scripts\KineticNCBeamicon2_post.py" />
    <CustomBuild Include="F:\F\FreeCAD before build\FreeCAD\src\Mod\Path\Path\Post\scripts\linuxcnc_post.py" />
    <CustomBuild Include="F:\F\FreeCAD before build\FreeCAD\src\Mod\Path\Path\Post\scripts\mach3_mach4_post.py" />
    <CustomBuild Include="F:\F\FreeCAD before build\FreeCAD\src\Mod\Path\Path\Post\scripts\marlin_post.py" />
    <CustomBuild Include="F:\F\FreeCAD before build\FreeCAD\src\Mod\Path\Path\Post\scripts\nccad_post.py" />
    <CustomBuild Include="F:\F\FreeCAD before build\FreeCAD\src\Mod\Path\Path\Post\scripts\opensbp_post.py" />
    <CustomBuild Include="F:\F\FreeCAD before build\FreeCAD\src\Mod\Path\Path\Post\scripts\opensbp_pre.py" />
    <CustomBuild Include="F:\F\FreeCAD before build\FreeCAD\src\Mod\Path\Path\Post\scripts\philips_post.py" />
    <CustomBuild Include="F:\F\FreeCAD before build\FreeCAD\src\Mod\Path\Path\Post\scripts\refactored_centroid_post.py" />
    <CustomBuild Include="F:\F\FreeCAD before build\FreeCAD\src\Mod\Path\Path\Post\scripts\refactored_grbl_post.py" />
    <CustomBuild Include="F:\F\FreeCAD before build\FreeCAD\src\Mod\Path\Path\Post\scripts\refactored_linuxcnc_post.py" />
    <CustomBuild Include="F:\F\FreeCAD before build\FreeCAD\src\Mod\Path\Path\Post\scripts\refactored_mach3_mach4_post.py" />
    <CustomBuild Include="F:\F\FreeCAD before build\FreeCAD\src\Mod\Path\Path\Post\scripts\refactored_test_post.py" />
    <CustomBuild Include="F:\F\FreeCAD before build\FreeCAD\src\Mod\Path\Path\Post\scripts\rml_post.py" />
    <CustomBuild Include="F:\F\FreeCAD before build\FreeCAD\src\Mod\Path\Path\Post\scripts\rrf_post.py" />
    <CustomBuild Include="F:\F\FreeCAD before build\FreeCAD\src\Mod\Path\Path\Post\scripts\slic3r_pre.py" />
    <CustomBuild Include="F:\F\FreeCAD before build\FreeCAD\src\Mod\Path\Path\Post\scripts\smoothie_post.py" />
    <CustomBuild Include="F:\F\FreeCAD before build\FreeCAD\src\Mod\Path\Path\Post\scripts\uccnc_post.py" />
    <CustomBuild Include="F:\F\FreeCAD before build\FreeCAD\src\Mod\Path\Path\Tool\__init__.py" />
    <CustomBuild Include="F:\F\FreeCAD before build\FreeCAD\src\Mod\Path\Path\Tool\Bit.py" />
    <CustomBuild Include="F:\F\FreeCAD before build\FreeCAD\src\Mod\Path\Path\Tool\Controller.py" />
    <CustomBuild Include="F:\F\FreeCAD before build\FreeCAD\src\Mod\Path\Path\Tool\Gui\__init__.py" />
    <CustomBuild Include="F:\F\FreeCAD before build\FreeCAD\src\Mod\Path\Path\Tool\Gui\Bit.py" />
    <CustomBuild Include="F:\F\FreeCAD before build\FreeCAD\src\Mod\Path\Path\Tool\Gui\BitCmd.py" />
    <CustomBuild Include="F:\F\FreeCAD before build\FreeCAD\src\Mod\Path\Path\Tool\Gui\BitEdit.py" />
    <CustomBuild Include="F:\F\FreeCAD before build\FreeCAD\src\Mod\Path\Path\Tool\Gui\BitLibraryCmd.py" />
    <CustomBuild Include="F:\F\FreeCAD before build\FreeCAD\src\Mod\Path\Path\Tool\Gui\BitLibrary.py" />
    <CustomBuild Include="F:\F\FreeCAD before build\FreeCAD\src\Mod\Path\Path\Tool\Gui\Controller.py" />
    <CustomBuild Include="F:\F\FreeCAD before build\FreeCAD\src\Mod\Path\PathPythonGui\__init__.py" />
    <CustomBuild Include="F:\F\FreeCAD before build\FreeCAD\src\Mod\Path\PathPythonGui\simple_edit_panel.py" />
    <CustomBuild Include="F:\F\FreeCAD before build\FreeCAD\src\Mod\Path\Tools\README.md" />
    <CustomBuild Include="F:\F\FreeCAD before build\FreeCAD\src\Mod\Path\Tools\Bit\45degree_chamfer.fctb" />
    <CustomBuild Include="F:\F\FreeCAD before build\FreeCAD\src\Mod\Path\Tools\Bit\5mm-thread-cutter.fctb" />
    <CustomBuild Include="F:\F\FreeCAD before build\FreeCAD\src\Mod\Path\Tools\Bit\5mm_Drill.fctb" />
    <CustomBuild Include="F:\F\FreeCAD before build\FreeCAD\src\Mod\Path\Tools\Bit\5mm_Endmill.fctb" />
    <CustomBuild Include="F:\F\FreeCAD before build\FreeCAD\src\Mod\Path\Tools\Bit\60degree_Vbit.fctb" />
    <CustomBuild Include="F:\F\FreeCAD before build\FreeCAD\src\Mod\Path\Tools\Bit\6mm_Ball_End.fctb" />
    <CustomBuild Include="F:\F\FreeCAD before build\FreeCAD\src\Mod\Path\Tools\Bit\6mm_Bullnose.fctb" />
    <CustomBuild Include="F:\F\FreeCAD before build\FreeCAD\src\Mod\Path\Tools\Bit\probe.fctb" />
    <CustomBuild Include="F:\F\FreeCAD before build\FreeCAD\src\Mod\Path\Tools\Bit\slittingsaw.fctb" />
    <CustomBuild Include="F:\F\FreeCAD before build\FreeCAD\src\Mod\Path\Tools\Library\Default.fctl" />
    <CustomBuild Include="F:\F\FreeCAD before build\FreeCAD\src\Mod\Path\Tools\Shape\ballend.fcstd" />
    <CustomBuild Include="F:\F\FreeCAD before build\FreeCAD\src\Mod\Path\Tools\Shape\bullnose.fcstd" />
    <CustomBuild Include="F:\F\FreeCAD before build\FreeCAD\src\Mod\Path\Tools\Shape\drill.fcstd" />
    <CustomBuild Include="F:\F\FreeCAD before build\FreeCAD\src\Mod\Path\Tools\Shape\chamfer.fcstd" />
    <CustomBuild Include="F:\F\FreeCAD before build\FreeCAD\src\Mod\Path\Tools\Shape\endmill.fcstd" />
    <CustomBuild Include="F:\F\FreeCAD before build\FreeCAD\src\Mod\Path\Tools\Shape\probe.fcstd" />
    <CustomBuild Include="F:\F\FreeCAD before build\FreeCAD\src\Mod\Path\Tools\Shape\slittingsaw.fcstd" />
    <CustomBuild Include="F:\F\FreeCAD before build\FreeCAD\src\Mod\Path\Tools\Shape\thread-mill.fcstd" />
    <CustomBuild Include="F:\F\FreeCAD before build\FreeCAD\src\Mod\Path\Tools\Shape\v-bit.fcstd" />
    <CustomBuild Include="F:\F\FreeCAD before build\FreeCAD\src\Mod\Path\Images\Ops\chamfer.svg" />
    <CustomBuild Include="F:\F\FreeCAD before build\FreeCAD\src\Mod\Path\Images\Tools\drill.svg" />
    <CustomBuild Include="F:\F\FreeCAD before build\FreeCAD\src\Mod\Path\Images\Tools\endmill.svg" />
    <CustomBuild Include="F:\F\FreeCAD before build\FreeCAD\src\Mod\Path\Images\Tools\v-bit.svg" />
    <CustomBuild Include="F:\F\FreeCAD before build\FreeCAD\src\Mod\Path\Data\Threads\imperial-external-2A.csv" />
    <CustomBuild Include="F:\F\FreeCAD before build\FreeCAD\src\Mod\Path\Data\Threads\imperial-external-3A.csv" />
    <CustomBuild Include="F:\F\FreeCAD before build\FreeCAD\src\Mod\Path\Data\Threads\imperial-internal-2B.csv" />
    <CustomBuild Include="F:\F\FreeCAD before build\FreeCAD\src\Mod\Path\Data\Threads\imperial-internal-3B.csv" />
    <CustomBuild Include="F:\F\FreeCAD before build\FreeCAD\src\Mod\Path\Data\Threads\metric-external-4G6G.csv" />
    <CustomBuild Include="F:\F\FreeCAD before build\FreeCAD\src\Mod\Path\Data\Threads\metric-external-6G.csv" />
    <CustomBuild Include="F:\F\FreeCAD before build\FreeCAD\src\Mod\Path\Data\Threads\metric-internal-6H.csv" />
    <CustomBuild Include="F:\F\FreeCAD before build\FreeCAD\src\Mod\Path\CMakeLists.txt" />
  </ItemGroup>
  <ItemGroup>
  </ItemGroup>
</Project>
